
Microsoft Visual Studio Solution File, Format Version 12.00
# Visual Studio Version 16
VisualStudioVersion = 16.0.31410.357
MinimumVisualStudioVersion = 10.0.40219.1
Project("{9A19103F-16F7-4668-BE54-9A1E7A4F7556}") = "RESTAPI", "RESTAPI\RESTAPI.csproj", "{29636340-D35F-422B-9001-9D619F64EAD8}"
EndProject
Project("{9A19103F-16F7-4668-BE54-9A1E7A4F7556}") = "UnitTest", "UnitTest\UnitTest.csproj", "{AA3A2503-9FCE-4352-9B9F-DD24374D3BAF}"
EndProject
Global
	GlobalSection(SolutionConfigurationPlatforms) = preSolution
		Debug|Any CPU = Debug|Any CPU
		Release|Any CPU = Release|Any CPU
	EndGlobalSection
	GlobalSection(ProjectConfigurationPlatforms) = postSolution
		{29636340-D35F-422B-9001-9D619F64EAD8}.Debug|Any CPU.ActiveCfg = Debug|Any CPU
		{29636340-D35F-422B-9001-9D619F64EAD8}.Debug|Any CPU.Build.0 = Debug|Any CPU
		{29636340-D35F-422B-9001-9D619F64EAD8}.Release|Any CPU.ActiveCfg = Release|Any CPU
		{29636340-D35F-422B-9001-9D619F64EAD8}.Release|Any CPU.Build.0 = Release|Any CPU
		{AA3A2503-9FCE-4352-9B9F-DD24374D3BAF}.Debug|Any CPU.ActiveCfg = Debug|Any CPU
		{AA3A2503-9FCE-4352-9B9F-DD24374D3BAF}.Debug|Any CPU.Build.0 = Debug|Any CPU
		{AA3A2503-9FCE-4352-9B9F-DD24374D3BAF}.Release|Any CPU.ActiveCfg = Release|Any CPU
		{AA3A2503-9FCE-4352-9B9F-DD24374D3BAF}.Release|Any CPU.Build.0 = Release|Any CPU
	EndGlobalSection
	GlobalSection(SolutionProperties) = preSolution
		HideSolutionNode = FALSE
	EndGlobalSection
	GlobalSection(ExtensibilityGlobals) = postSolution
		SolutionGuid = {CE326FA5-E010-42F8-9ED6-6A91C0061492}
	EndGlobalSection
EndGlobal
